
Microsoft Visual Studio Solution File, Format Version 12.00
# Visual Studio 15
VisualStudioVersion = 15.0.27703.2026
MinimumVisualStudioVersion = 10.0.40219.1
Project("{FAE04EC0-301F-11D3-BF4B-00C04F79EFBC}") = "StockMarket", "StockMarket\StockMarket.csproj", "{D2BCDABF-C612-44E4-8B70-110B1B4FD453}"
EndProject
Global
	GlobalSection(SolutionConfigurationPlatforms) = preSolution
		Debug|Any CPU = Debug|Any CPU
		Release|Any CPU = Release|Any CPU
	EndGlobalSection
	GlobalSection(ProjectConfigurationPlatforms) = postSolution
		{D2BCDABF-C612-44E4-8B70-110B1B4FD453}.Debug|Any CPU.ActiveCfg = Debug|Any CPU
		{D2BCDABF-C612-44E4-8B70-110B1B4FD453}.Debug|Any CPU.Build.0 = Debug|Any CPU
		{D2BCDABF-C612-44E4-8B70-110B1B4FD453}.Release|Any CPU.ActiveCfg = Release|Any CPU
		{D2BCDABF-C612-44E4-8B70-110B1B4FD453}.Release|Any CPU.Build.0 = Release|Any CPU
	EndGlobalSection
	GlobalSection(SolutionProperties) = preSolution
		HideSolutionNode = FALSE
	EndGlobalSection
	GlobalSection(ExtensibilityGlobals) = postSolution
		SolutionGuid = {467B6123-B66A-4A0F-9C8B-F0C7AB98DE5D}
	EndGlobalSection
EndGlobal
